
Microsoft Visual Studio Solution File, Format Version 12.00
Project("{2150E333-8FDC-42A3-9474-1A3956D46DE8}") = "Client", "Client", "{CB6A5180-977C-4947-97EC-805E02572286}"
EndProject
Project("{2150E333-8FDC-42A3-9474-1A3956D46DE8}") = "Server", "Server", "{B552A582-5901-460E-84AF-35445EFFE0D6}"
EndProject
Project("{FAE04EC0-301F-11D3-BF4B-00C04F79EFBC}") = "StoryPoker.Client.Web.Api", "Client\StoryPoker.Client.Web.Api\StoryPoker.Client.Web.Api.csproj", "{160CAF19-ECA2-4495-8E5C-64CF9EF7A27C}"
EndProject
Project("{FAE04EC0-301F-11D3-BF4B-00C04F79EFBC}") = "StoryPoker.Server.Silo", "Server\StoryPoker.Server.Silo\StoryPoker.Server.Silo.csproj", "{5E852677-23E9-4466-871A-7FE2B54530FA}"
EndProject
Global
	GlobalSection(SolutionConfigurationPlatforms) = preSolution
		Debug|Any CPU = Debug|Any CPU
		Release|Any CPU = Release|Any CPU
	EndGlobalSection
	GlobalSection(NestedProjects) = preSolution
		{160CAF19-ECA2-4495-8E5C-64CF9EF7A27C} = {CB6A5180-977C-4947-97EC-805E02572286}
		{5E852677-23E9-4466-871A-7FE2B54530FA} = {B552A582-5901-460E-84AF-35445EFFE0D6}
	EndGlobalSection
	GlobalSection(ProjectConfigurationPlatforms) = postSolution
		{160CAF19-ECA2-4495-8E5C-64CF9EF7A27C}.Debug|Any CPU.ActiveCfg = Debug|Any CPU
		{160CAF19-ECA2-4495-8E5C-64CF9EF7A27C}.Debug|Any CPU.Build.0 = Debug|Any CPU
		{160CAF19-ECA2-4495-8E5C-64CF9EF7A27C}.Release|Any CPU.ActiveCfg = Release|Any CPU
		{160CAF19-ECA2-4495-8E5C-64CF9EF7A27C}.Release|Any CPU.Build.0 = Release|Any CPU
		{5E852677-23E9-4466-871A-7FE2B54530FA}.Debug|Any CPU.ActiveCfg = Debug|Any CPU
		{5E852677-23E9-4466-871A-7FE2B54530FA}.Debug|Any CPU.Build.0 = Debug|Any CPU
		{5E852677-23E9-4466-871A-7FE2B54530FA}.Release|Any CPU.ActiveCfg = Release|Any CPU
		{5E852677-23E9-4466-871A-7FE2B54530FA}.Release|Any CPU.Build.0 = Release|Any CPU
	EndGlobalSection
EndGlobal
